// !$*UTF8*$!
{
	archiveVersion = 1;
	classes = {
	};
	objectVersion = 50;
	objects = {

/* Begin PBXBuildFile section */
		632F4C6226D42E85006B896F /* AppDelegate.swift in Sources */ = {isa = PBXBuildFile; fileRef = 632F4C6126D42E85006B896F /* AppDelegate.swift */; };
		632F4C6426D42E85006B896F /* SceneDelegate.swift in Sources */ = {isa = PBXBuildFile; fileRef = 632F4C6326D42E85006B896F /* SceneDelegate.swift */; };
		632F4C6626D42E85006B896F /* ViewController.swift in Sources */ = {isa = PBXBuildFile; fileRef = 632F4C6526D42E85006B896F /* ViewController.swift */; };
		632F4C6926D42E85006B896F /* Main.storyboard in Resources */ = {isa = PBXBuildFile; fileRef = 632F4C6726D42E85006B896F /* Main.storyboard */; };
		632F4C6B26D42E87006B896F /* Assets.xcassets in Resources */ = {isa = PBXBuildFile; fileRef = 632F4C6A26D42E87006B896F /* Assets.xcassets */; };
		632F4C6E26D42E87006B896F /* LaunchScreen.storyboard in Resources */ = {isa = PBXBuildFile; fileRef = 632F4C6C26D42E87006B896F /* LaunchScreen.storyboard */; };
		632F4C7926D42E87006B896F /* PreworkTests.swift in Sources */ = {isa = PBXBuildFile; fileRef = 632F4C7826D42E87006B896F /* PreworkTests.swift */; };
		632F4C8426D42E87006B896F /* PreworkUITests.swift in Sources */ = {isa = PBXBuildFile; fileRef = 632F4C8326D42E87006B896F /* PreworkUITests.swift */; };
/* End PBXBuildFile section */

/* Begin PBXContainerItemProxy section */
		632F4C7526D42E87006B896F /* PBXContainerItemProxy */ = {
			isa = PBXContainerItemProxy;
			containerPortal = 632F4C5626D42E85006B896F /* Project object */;
			proxyType = 1;
			remoteGlobalIDString = 632F4C5D26D42E85006B896F;
			remoteInfo = Prework;
		};
		632F4C8026D42E87006B896F /* PBXContainerItemProxy */ = {
			isa = PBXContainerItemProxy;
			containerPortal = 632F4C5626D42E85006B896F /* Project object */;
			proxyType = 1;
			remoteGlobalIDString = 632F4C5D26D42E85006B896F;
			remoteInfo = Prework;
		};
/* End PBXContainerItemProxy section */

/* Begin PBXFileReference section */
		632F4C5E26D42E85006B896F /* Prework.app */ = {isa = PBXFileReference; explicitFileType = wrapper.application; includeInIndex = 0; path = Prework.app; sourceTree = BUILT_PRODUCTS_DIR; };
		632F4C6126D42E85006B896F /* AppDelegate.swift */ = {isa = PBXFileReference; lastKnownFileType = sourcecode.swift; path = AppDelegate.swift; sourceTree = "<group>"; };
		632F4C6326D42E85006B896F /* SceneDelegate.swift */ = {isa = PBXFileReference; lastKnownFileType = sourcecode.swift; path = SceneDelegate.swift; sourceTree = "<group>"; };
		632F4C6526D42E85006B896F /* ViewController.swift */ = {isa = PBXFileReference; lastKnownFileType = sourcecode.swift; path = ViewController.swift; sourceTree = "<group>"; };
		632F4C6826D42E85006B896F /* Base */ = {isa = PBXFileReference; lastKnownFileType = file.storyboard; name = Base; path = Base.lproj/Main.storyboard; sourceTree = "<group>"; };
		632F4C6A26D42E87006B896F /* Assets.xcassets */ = {isa = PBXFileReference; lastKnownFileType = folder.assetcatalog; path = Assets.xcassets; sourceTree = "<group>"; };
		632F4C6D26D42E87006B896F /* Base */ = {isa = PBXFileReference; lastKnownFileType = file.storyboard; name = Base; path = Base.lproj/LaunchScreen.storyboard; sourceTree = "<group>"; };
		632F4C6F26D42E87006B896F /* Info.plist */ = {isa = PBXFileReference; lastKnownFileType = text.plist.xml; path = Info.plist; sourceTree = "<group>"; };
		632F4C7426D42E87006B896F /* PreworkTests.xctest */ = {isa = PBXFileReference; explicitFileType = wrapper.cfbundle; includeInIndex = 0; path = PreworkTests.xctest; sourceTree = BUILT_PRODUCTS_DIR; };
		632F4C7826D42E87006B896F /* PreworkTests.swift */ = {isa = PBXFileReference; lastKnownFileType = sourcecode.swift; path = PreworkTests.swift; sourceTree = "<group>"; };
		632F4C7A26D42E87006B896F /* Info.plist */ = {isa = PBXFileReference; lastKnownFileType = text.plist.xml; path = Info.plist; sourceTree = "<group>"; };
		632F4C7F26D42E87006B896F /* PreworkUITests.xctest */ = {isa = PBXFileReference; explicitFileType = wrapper.cfbundle; includeInIndex = 0; path = PreworkUITests.xctest; sourceTree = BUILT_PRODUCTS_DIR; };
		632F4C8326D42E87006B896F /* PreworkUITests.swift */ = {isa = PBXFileReference; lastKnownFileType = sourcecode.swift; path = PreworkUITests.swift; sourceTree = "<group>"; };
		632F4C8526D42E87006B896F /* Info.plist */ = {isa = PBXFileReference; lastKnownFileType = text.plist.xml; path = Info.plist; sourceTree = "<group>"; };
/* End PBXFileReference section */

/* Begin PBXFrameworksBuildPhase section */
		632F4C5B26D42E85006B896F /* Frameworks */ = {
			isa = PBXFrameworksBuildPhase;
			buildActionMask = 2147483647;
			files = (
			);
			runOnlyForDeploymentPostprocessing = 0;
		};
		632F4C7126D42E87006B896F /* Frameworks */ = {
			isa = PBXFrameworksBuildPhase;
			buildActionMask = 2147483647;
			files = (
			);
			runOnlyForDeploymentPostprocessing = 0;
		};
		632F4C7C26D42E87006B896F /* Frameworks */ = {
			isa = PBXFrameworksBuildPhase;
			buildActionMask = 2147483647;
			files = (
			);
			runOnlyForDeploymentPostprocessing = 0;
		};
/* End PBXFrameworksBuildPhase section */

/* Begin PBXGroup section */
		632F4C5526D42E85006B896F = {
			isa = PBXGroup;
			children = (
				632F4C6026D42E85006B896F /* Prework */,
				632F4C7726D42E87006B896F /* PreworkTests */,
				632F4C8226D42E87006B896F /* PreworkUITests */,
				632F4C5F26D42E85006B896F /* Products */,
			);
			sourceTree = "<group>";
		};
		632F4C5F26D42E85006B896F /* Products */ = {
			isa = PBXGroup;
			children = (
				632F4C5E26D42E85006B896F /* Prework.app */,
				632F4C7426D42E87006B896F /* PreworkTests.xctest */,
				632F4C7F26D42E87006B896F /* PreworkUITests.xctest */,
			);
			name = Products;
			sourceTree = "<group>";
		};
		632F4C6026D42E85006B896F /* Prework */ = {
			isa = PBXGroup;
			children = (
				632F4C6126D42E85006B896F /* AppDelegate.swift */,
				632F4C6326D42E85006B896F /* SceneDelegate.swift */,
				632F4C6526D42E85006B896F /* ViewController.swift */,
				632F4C6726D42E85006B896F /* Main.storyboard */,
				632F4C6A26D42E87006B896F /* Assets.xcassets */,
				632F4C6C26D42E87006B896F /* LaunchScreen.storyboard */,
				632F4C6F26D42E87006B896F /* Info.plist */,
			);
			path = Prework;
			sourceTree = "<group>";
		};
		632F4C7726D42E87006B896F /* PreworkTests */ = {
			isa = PBXGroup;
			children = (
				632F4C7826D42E87006B896F /* PreworkTests.swift */,
				632F4C7A26D42E87006B896F /* Info.plist */,
			);
			path = PreworkTests;
			sourceTree = "<group>";
		};
		632F4C8226D42E87006B896F /* PreworkUITests */ = {
			isa = PBXGroup;
			children = (
				632F4C8326D42E87006B896F /* PreworkUITests.swift */,
				632F4C8526D42E87006B896F /* Info.plist */,
			);
			path = PreworkUITests;
			sourceTree = "<group>";
		};
/* End PBXGroup section */

/* Begin PBXNativeTarget section */
		632F4C5D26D42E85006B896F /* Prework */ = {
			isa = PBXNativeTarget;
			buildConfigurationList = 632F4C8826D42E87006B896F /* Build configuration list for PBXNativeTarget "Prework" */;
			buildPhases = (
				632F4C5A26D42E85006B896F /* Sources */,
				632F4C5B26D42E85006B896F /* Frameworks */,
				632F4C5C26D42E85006B896F /* Resources */,
			);
			buildRules = (
			);
			dependencies = (
			);
			name = Prework;
			productName = Prework;
			productReference = 632F4C5E26D42E85006B896F /* Prework.app */;
			productType = "com.apple.product-type.application";
		};
		632F4C7326D42E87006B896F /* PreworkTests */ = {
			isa = PBXNativeTarget;
			buildConfigurationList = 632F4C8B26D42E87006B896F /* Build configuration list for PBXNativeTarget "PreworkTests" */;
			buildPhases = (
				632F4C7026D42E87006B896F /* Sources */,
				632F4C7126D42E87006B896F /* Frameworks */,
				632F4C7226D42E87006B896F /* Resources */,
			);
			buildRules = (
			);
			dependencies = (
				632F4C7626D42E87006B896F /* PBXTargetDependency */,
			);
			name = PreworkTests;
			productName = PreworkTests;
			productReference = 632F4C7426D42E87006B896F /* PreworkTests.xctest */;
			productType = "com.apple.product-type.bundle.unit-test";
		};
		632F4C7E26D42E87006B896F /* PreworkUITests */ = {
			isa = PBXNativeTarget;
			buildConfigurationList = 632F4C8E26D42E87006B896F /* Build configuration list for PBXNativeTarget "PreworkUITests" */;
			buildPhases = (
				632F4C7B26D42E87006B896F /* Sources */,
				632F4C7C26D42E87006B896F /* Frameworks */,
				632F4C7D26D42E87006B896F /* Resources */,
			);
			buildRules = (
			);
			dependencies = (
				632F4C8126D42E87006B896F /* PBXTargetDependency */,
			);
			name = PreworkUITests;
			productName = PreworkUITests;
			productReference = 632F4C7F26D42E87006B896F /* PreworkUITests.xctest */;
			productType = "com.apple.product-type.bundle.ui-testing";
		};
/* End PBXNativeTarget section */

/* Begin PBXProject section */
		632F4C5626D42E85006B896F /* Project object */ = {
			isa = PBXProject;
			attributes = {
				LastSwiftUpdateCheck = 1240;
				LastUpgradeCheck = 1240;
				TargetAttributes = {
					632F4C5D26D42E85006B896F = {
						CreatedOnToolsVersion = 12.4;
					};
					632F4C7326D42E87006B896F = {
						CreatedOnToolsVersion = 12.4;
						TestTargetID = 632F4C5D26D42E85006B896F;
					};
					632F4C7E26D42E87006B896F = {
						CreatedOnToolsVersion = 12.4;
						TestTargetID = 632F4C5D26D42E85006B896F;
					};
				};
			};
			buildConfigurationList = 632F4C5926D42E85006B896F /* Build configuration list for PBXProject "Prework" */;
			compatibilityVersion = "Xcode 9.3";
			developmentRegion = en;
			hasScannedForEncodings = 0;
			knownRegions = (
				en,
				Base,
			);
			mainGroup = 632F4C5526D42E85006B896F;
			productRefGroup = 632F4C5F26D42E85006B896F /* Products */;
			projectDirPath = "";
			projectRoot = "";
			targets = (
				632F4C5D26D42E85006B896F /* Prework */,
				632F4C7326D42E87006B896F /* PreworkTests */,
				632F4C7E26D42E87006B896F /* PreworkUITests */,
			);
		};
/* End PBXProject section */

/* Begin PBXResourcesBuildPhase section */
		632F4C5C26D42E85006B896F /* Resources */ = {
			isa = PBXResourcesBuildPhase;
			buildActionMask = 2147483647;
			files = (
				632F4C6E26D42E87006B896F /* LaunchScreen.storyboard in Resources */,
				632F4C6B26D42E87006B896F /* Assets.xcassets in Resources */,
				632F4C6926D42E85006B896F /* Main.storyboard in Resources */,
			);
			runOnlyForDeploymentPostprocessing = 0;
		};
		632F4C7226D42E87006B896F /* Resources */ = {
			isa = PBXResourcesBuildPhase;
			buildActionMask = 2147483647;
			files = (
			);
			runOnlyForDeploymentPostprocessing = 0;
		};
		632F4C7D26D42E87006B896F /* Resources */ = {
			isa = PBXResourcesBuildPhase;
			buildActionMask = 2147483647;
			files = (
			);
			runOnlyForDeploymentPostprocessing = 0;
		};
/* End PBXResourcesBuildPhase section */

/* Begin PBXSourcesBuildPhase section */
		632F4C5A26D42E85006B896F /* Sources */ = {
			isa = PBXSourcesBuildPhase;
			buildActionMask = 2147483647;
			files = (
				632F4C6626D42E85006B896F /* ViewController.swift in Sources */,
				632F4C6226D42E85006B896F /* AppDelegate.swift in Sources */,
				632F4C6426D42E85006B896F /* SceneDelegate.swift in Sources */,
			);
			runOnlyForDeploymentPostprocessing = 0;
		};
		632F4C7026D42E87006B896F /* Sources */ = {
			isa = PBXSourcesBuildPhase;
			buildActionMask = 2147483647;
			files = (
				632F4C7926D42E87006B896F /* PreworkTests.swift in Sources */,
			);
			runOnlyForDeploymentPostprocessing = 0;
		};
		632F4C7B26D42E87006B896F /* Sources */ = {
			isa = PBXSourcesBuildPhase;
			buildActionMask = 2147483647;
			files = (
				632F4C8426D42E87006B896F /* PreworkUITests.swift in Sources */,
			);
			runOnlyForDeploymentPostprocessing = 0;
		};
/* End PBXSourcesBuildPhase section */

/* Begin PBXTargetDependency section */
		632F4C7626D42E87006B896F /* PBXTargetDependency */ = {
			isa = PBXTargetDependency;
			target = 632F4C5D26D42E85006B896F /* Prework */;
			targetProxy = 632F4C7526D42E87006B896F /* PBXContainerItemProxy */;
		};
		632F4C8126D42E87006B896F /* PBXTargetDependency */ = {
			isa = PBXTargetDependency;
			target = 632F4C5D26D42E85006B896F /* Prework */;
			targetProxy = 632F4C8026D42E87006B896F /* PBXContainerItemProxy */;
		};
/* End PBXTargetDependency section */

/* Begin PBXVariantGroup section */
		632F4C6726D42E85006B896F /* Main.storyboard */ = {
			isa = PBXVariantGroup;
			children = (
				632F4C6826D42E85006B896F /* Base */,
			);
			name = Main.storyboard;
			sourceTree = "<group>";
		};
		632F4C6C26D42E87006B896F /* LaunchScreen.storyboard */ = {
			isa = PBXVariantGroup;
			children = (
				632F4C6D26D42E87006B896F /* Base */,
			);
			name = LaunchScreen.storyboard;
			sourceTree = "<group>";
		};
/* End PBXVariantGroup section */

/* Begin XCBuildConfiguration section */
		632F4C8626D42E87006B896F /* Debug */ = {
			isa = XCBuildConfiguration;
			buildSettings = {
				ALWAYS_SEARCH_USER_PATHS = NO;
				CLANG_ANALYZER_NONNULL = YES;
				CLANG_ANALYZER_NUMBER_OBJECT_CONVERSION = YES_AGGRESSIVE;
				CLANG_CXX_LANGUAGE_STANDARD = "gnu++14";
				CLANG_CXX_LIBRARY = "libc++";
				CLANG_ENABLE_MODULES = YES;
				CLANG_ENABLE_OBJC_ARC = YES;
				CLANG_ENABLE_OBJC_WEAK = YES;
				CLANG_WARN_BLOCK_CAPTURE_AUTORELEASING = YES;
				CLANG_WARN_BOOL_CONVERSION = YES;
				CLANG_WARN_COMMA = YES;
				CLANG_WARN_CONSTANT_CONVERSION = YES;
				CLANG_WARN_DEPRECATED_OBJC_IMPLEMENTATIONS = YES;
				CLANG_WARN_DIRECT_OBJC_ISA_USAGE = YES_ERROR;
				CLANG_WARN_DOCUMENTATION_COMMENTS = YES;
				CLANG_WARN_EMPTY_BODY = YES;
				CLANG_WARN_ENUM_CONVERSION = YES;
				CLANG_WARN_INFINITE_RECURSION = YES;
				CLANG_WARN_INT_CONVERSION = YES;
				CLANG_WARN_NON_LITERAL_NULL_CONVERSION = YES;
				CLANG_WARN_OBJC_IMPLICIT_RETAIN_SELF = YES;
				CLANG_WARN_OBJC_LITERAL_CONVERSION = YES;
				CLANG_WARN_OBJC_ROOT_CLASS = YES_ERROR;
				CLANG_WARN_QUOTED_INCLUDE_IN_FRAMEWORK_HEADER = YES;
				CLANG_WARN_RANGE_LOOP_ANALYSIS = YES;
				CLANG_WARN_STRICT_PROTOTYPES = YES;
				CLANG_WARN_SUSPICIOUS_MOVE = YES;
				CLANG_WARN_UNGUARDED_AVAILABILITY = YES_AGGRESSIVE;
				CLANG_WARN_UNREACHABLE_CODE = YES;
				CLANG_WARN__DUPLICATE_METHOD_MATCH = YES;
				COPY_PHASE_STRIP = NO;
				DEBUG_INFORMATION_FORMAT = dwarf;
				ENABLE_STRICT_OBJC_MSGSEND = YES;
				ENABLE_TESTABILITY = YES;
				GCC_C_LANGUAGE_STANDARD = gnu11;
				GCC_DYNAMIC_NO_PIC = NO;
				GCC_NO_COMMON_BLOCKS = YES;
				GCC_OPTIMIZATION_LEVEL = 0;
				GCC_PREPROCESSOR_DEFINITIONS = (
					"DEBUG=1",
					"$(inherited)",
				);
				GCC_WARN_64_TO_32_BIT_CONVERSION = YES;
				GCC_WARN_ABOUT_RETURN_TYPE = YES_ERROR;
				GCC_WARN_UNDECLARED_SELECTOR = YES;
				GCC_WARN_UNINITIALIZED_AUTOS = YES_AGGRESSIVE;
				GCC_WARN_UNUSED_FUNCTION = YES;
				GCC_WARN_UNUSED_VARIABLE = YES;
				IPHONEOS_DEPLOYMENT_TARGET = 14.4;
				MTL_ENABLE_DEBUG_INFO = INCLUDE_SOURCE;
				MTL_FAST_MATH = YES;
				ONLY_ACTIVE_ARCH = YES;
				SDKROOT = iphoneos;
				SWIFT_ACTIVE_COMPILATION_CONDITIONS = DEBUG;
				SWIFT_OPTIMIZATION_LEVEL = "-Onone";
			};
			name = Debug;
		};
		632F4C8726D42E87006B896F /* Release */ = {
			isa = XCBuildConfiguration;
			buildSettings = {
				ALWAYS_SEARCH_USER_PATHS = NO;
				CLANG_ANALYZER_NONNULL = YES;
				CLANG_ANALYZER_NUMBER_OBJECT_CONVERSION = YES_AGGRESSIVE;
				CLANG_CXX_LANGUAGE_STANDARD = "gnu++14";
				CLANG_CXX_LIBRARY = "libc++";
				CLANG_ENABLE_MODULES = YES;
				CLANG_ENABLE_OBJC_ARC = YES;
				CLANG_ENABLE_OBJC_WEAK = YES;
				CLANG_WARN_BLOCK_CAPTURE_AUTORELEASING = YES;
				CLANG_WARN_BOOL_CONVERSION = YES;
				CLANG_WARN_COMMA = YES;
				CLANG_WARN_CONSTANT_CONVERSION = YES;
				CLANG_WARN_DEPRECATED_OBJC_IMPLEMENTATIONS = YES;
				CLANG_WARN_DIRECT_OBJC_ISA_USAGE = YES_ERROR;
				CLANG_WARN_DOCUMENTATION_COMMENTS = YES;
				CLANG_WARN_EMPTY_BODY = YES;
				CLANG_WARN_ENUM_CONVERSION = YES;
				CLANG_WARN_INFINITE_RECURSION = YES;
				CLANG_WARN_INT_CONVERSION = YES;
				CLANG_WARN_NON_LITERAL_NULL_CONVERSION = YES;
				CLANG_WARN_OBJC_IMPLICIT_RETAIN_SELF = YES;
				CLANG_WARN_OBJC_LITERAL_CONVERSION = YES;
				CLANG_WARN_OBJC_ROOT_CLASS = YES_ERROR;
				CLANG_WARN_QUOTED_INCLUDE_IN_FRAMEWORK_HEADER = YES;
				CLANG_WARN_RANGE_LOOP_ANALYSIS = YES;
				CLANG_WARN_STRICT_PROTOTYPES = YES;
				CLANG_WARN_SUSPICIOUS_MOVE = YES;
				CLANG_WARN_UNGUARDED_AVAILABILITY = YES_AGGRESSIVE;
				CLANG_WARN_UNREACHABLE_CODE = YES;
				CLANG_WARN__DUPLICATE_METHOD_MATCH = YES;
				COPY_PHASE_STRIP = NO;
				DEBUG_INFORMATION_FORMAT = "dwarf-with-dsym";
				ENABLE_NS_ASSERTIONS = NO;
				ENABLE_STRICT_OBJC_MSGSEND = YES;
				GCC_C_LANGUAGE_STANDARD = gnu11;
				GCC_NO_COMMON_BLOCKS = YES;
				GCC_WARN_64_TO_32_BIT_CONVERSION = YES;
				GCC_WARN_ABOUT_RETURN_TYPE = YES_ERROR;
				GCC_WARN_UNDECLARED_SELECTOR = YES;
				GCC_WARN_UNINITIALIZED_AUTOS = YES_AGGRESSIVE;
				GCC_WARN_UNUSED_FUNCTION = YES;
				GCC_WARN_UNUSED_VARIABLE = YES;
				IPHONEOS_DEPLOYMENT_TARGET = 14.4;
				MTL_ENABLE_DEBUG_INFO = NO;
				MTL_FAST_MATH = YES;
				SDKROOT = iphoneos;
				SWIFT_COMPILATION_MODE = wholemodule;
				SWIFT_OPTIMIZATION_LEVEL = "-O";
				VALIDATE_PRODUCT = YES;
			};
			name = Release;
		};
		632F4C8926D42E87006B896F /* Debug */ = {
			isa = XCBuildConfiguration;
			buildSettings = {
				ASSETCATALOG_COMPILER_APPICON_NAME = AppIcon;
				ASSETCATALOG_COMPILER_GLOBAL_ACCENT_COLOR_NAME = AccentColor;
				CODE_SIGN_STYLE = Automatic;
				INFOPLIST_FILE = Prework/Info.plist;
				LD_RUNPATH_SEARCH_PATHS = (
					"$(inherited)",
					"@executable_path/Frameworks",
				);
				PRODUCT_BUNDLE_IDENTIFIER = memo.Prework;
				PRODUCT_NAME = "$(TARGET_NAME)";
				SWIFT_VERSION = 5.0;
				TARGETED_DEVICE_FAMILY = "1,2";
			};
			name = Debug;
		};
		632F4C8A26D42E87006B896F /* Release */ = {
			isa = XCBuildConfiguration;
			buildSettings = {
				ASSETCATALOG_COMPILER_APPICON_NAME = AppIcon;
				ASSETCATALOG_COMPILER_GLOBAL_ACCENT_COLOR_NAME = AccentColor;
				CODE_SIGN_STYLE = Automatic;
				INFOPLIST_FILE = Prework/Info.plist;
				LD_RUNPATH_SEARCH_PATHS = (
					"$(inherited)",
					"@executable_path/Frameworks",
				);
				PRODUCT_BUNDLE_IDENTIFIER = memo.Prework;
				PRODUCT_NAME = "$(TARGET_NAME)";
				SWIFT_VERSION = 5.0;
				TARGETED_DEVICE_FAMILY = "1,2";
			};
			name = Release;
		};
		632F4C8C26D42E87006B896F /* Debug */ = {
			isa = XCBuildConfiguration;
			buildSettings = {
				ALWAYS_EMBED_SWIFT_STANDARD_LIBRARIES = YES;
				BUNDLE_LOADER = "$(TEST_HOST)";
				CODE_SIGN_STYLE = Automatic;
				INFOPLIST_FILE = PreworkTests/Info.plist;
				IPHONEOS_DEPLOYMENT_TARGET = 14.4;
				LD_RUNPATH_SEARCH_PATHS = (
					"$(inherited)",
					"@executable_path/Frameworks",
					"@loader_path/Frameworks",
				);
				PRODUCT_BUNDLE_IDENTIFIER = memo.PreworkTests;
				PRODUCT_NAME = "$(TARGET_NAME)";
				SWIFT_VERSION = 5.0;
				TARGETED_DEVICE_FAMILY = "1,2";
				TEST_HOST = "$(BUILT_PRODUCTS_DIR)/Prework.app/Prework";
			};
			name = Debug;
		};
		632F4C8D26D42E87006B896F /* Release */ = {
			isa = XCBuildConfiguration;
			buildSettings = {
				ALWAYS_EMBED_SWIFT_STANDARD_LIBRARIES = YES;
				BUNDLE_LOADER = "$(TEST_HOST)";
				CODE_SIGN_STYLE = Automatic;
				INFOPLIST_FILE = PreworkTests/Info.plist;
				IPHONEOS_DEPLOYMENT_TARGET = 14.4;
				LD_RUNPATH_SEARCH_PATHS = (
					"$(inherited)",
					"@executable_path/Frameworks",
					"@loader_path/Frameworks",
				);
				PRODUCT_BUNDLE_IDENTIFIER = memo.PreworkTests;
				PRODUCT_NAME = "$(TARGET_NAME)";
				SWIFT_VERSION = 5.0;
				TARGETED_DEVICE_FAMILY = "1,2";
				TEST_HOST = "$(BUILT_PRODUCTS_DIR)/Prework.app/Prework";
			};
			name = Release;
		};
		632F4C8F26D42E87006B896F /* Debug */ = {
			isa = XCBuildConfiguration;
			buildSettings = {
				ALWAYS_EMBED_SWIFT_STANDARD_LIBRARIES = YES;
				CODE_SIGN_STYLE = Automatic;
				INFOPLIST_FILE = PreworkUITests/Info.plist;
				LD_RUNPATH_SEARCH_PATHS = (
					"$(inherited)",
					"@executable_path/Frameworks",
					"@loader_path/Frameworks",
				);
				PRODUCT_BUNDLE_IDENTIFIER = memo.PreworkUITests;
				PRODUCT_NAME = "$(TARGET_NAME)";
				SWIFT_VERSION = 5.0;
				TARGETED_DEVICE_FAMILY = "1,2";
				TEST_TARGET_NAME = Prework;
			};
			name = Debug;
		};
		632F4C9026D42E87006B896F /* Release */ = {
			isa = XCBuildConfiguration;
			buildSettings = {
				ALWAYS_EMBED_SWIFT_STANDARD_LIBRARIES = YES;
				CODE_SIGN_STYLE = Automatic;
				INFOPLIST_FILE = PreworkUITests/Info.plist;
				LD_RUNPATH_SEARCH_PATHS = (
					"$(inherited)",
					"@executable_path/Frameworks",
					"@loader_path/Frameworks",
				);
				PRODUCT_BUNDLE_IDENTIFIER = memo.PreworkUITests;
				PRODUCT_NAME = "$(TARGET_NAME)";
				SWIFT_VERSION = 5.0;
				TARGETED_DEVICE_FAMILY = "1,2";
				TEST_TARGET_NAME = Prework;
			};
			name = Release;
		};
/* End XCBuildConfiguration section */

/* Begin XCConfigurationList section */
		632F4C5926D42E85006B896F /* Build configuration list for PBXProject "Prework" */ = {
			isa = XCConfigurationList;
			buildConfigurations = (
				632F4C8626D42E87006B896F /* Debug */,
				632F4C8726D42E87006B896F /* Release */,
			);
			defaultConfigurationIsVisible = 0;
			defaultConfigurationName = Release;
		};
		632F4C8826D42E87006B896F /* Build configuration list for PBXNativeTarget "Prework" */ = {
			isa = XCConfigurationList;
			buildConfigurations = (
				632F4C8926D42E87006B896F /* Debug */,
				632F4C8A26D42E87006B896F /* Release */,
			);
			defaultConfigurationIsVisible = 0;
			defaultConfigurationName = Release;
		};
		632F4C8B26D42E87006B896F /* Build configuration list for PBXNativeTarget "PreworkTests" */ = {
			isa = XCConfigurationList;
			buildConfigurations = (
				632F4C8C26D42E87006B896F /* Debug */,
				632F4C8D26D42E87006B896F /* Release */,
			);
			defaultConfigurationIsVisible = 0;
			defaultConfigurationName = Release;
		};
		632F4C8E26D42E87006B896F /* Build configuration list for PBXNativeTarget "PreworkUITests" */ = {
			isa = XCConfigurationList;
			buildConfigurations = (
				632F4C8F26D42E87006B896F /* Debug */,
				632F4C9026D42E87006B896F /* Release */,
			);
			defaultConfigurationIsVisible = 0;
			defaultConfigurationName = Release;
		};
/* End XCConfigurationList section */
	};
	rootObject = 632F4C5626D42E85006B896F /* Project object */;
}
